{
  "name": "nalog-service-helper",
  "version": "0.1.0",
  "lockfileVersion": 1,
  "dependencies": {
    "@types/google-apps-script": {
      "version": "https://registry.npmjs.org/@types/google-apps-script/-/google-apps-script-0.0.13.tgz",
      "integrity": "sha1-qL2dAk28rX488tr5I6hEHI4DgW8="
    },
    "typescript-bundle": {
      "version": "0.8.2",
      "resolved": "https://registry.npmjs.org/typescript-bundle/-/typescript-bundle-0.8.2.tgz",
      "integrity": "sha1-MuW80arjTTH0XhDeGgDWDDzpFFg="
    }
  }
}
